// !$*UTF8*$!
{
	archiveVersion = 1;
	classes = {
	};
	objectVersion = 55;
	objects = {

/* Begin PBXBuildFile section */
		14A5C9C26ABCB3A82CAED9AB /* Pods_Todo_TodoUITests.framework in Frameworks */ = {isa = PBXBuildFile; fileRef = A9C0768DFC44BB540173036D /* Pods_Todo_TodoUITests.framework */; };
		4F236AE42913AB43007164BF /* TodoApp.swift in Sources */ = {isa = PBXBuildFile; fileRef = 4F236AE32913AB43007164BF /* TodoApp.swift */; };
		4F236AE62913AB43007164BF /* ContentView.swift in Sources */ = {isa = PBXBuildFile; fileRef = 4F236AE52913AB43007164BF /* ContentView.swift */; };
		4F236AE82913AB44007164BF /* Assets.xcassets in Resources */ = {isa = PBXBuildFile; fileRef = 4F236AE72913AB44007164BF /* Assets.xcassets */; };
		4F236AEB2913AB44007164BF /* Preview Assets.xcassets in Resources */ = {isa = PBXBuildFile; fileRef = 4F236AEA2913AB44007164BF /* Preview Assets.xcassets */; };
		4F236AF52913AB44007164BF /* TodoTests.swift in Sources */ = {isa = PBXBuildFile; fileRef = 4F236AF42913AB44007164BF /* TodoTests.swift */; };
		4F236AFF2913AB44007164BF /* TodoUITests.swift in Sources */ = {isa = PBXBuildFile; fileRef = 4F236AFE2913AB44007164BF /* TodoUITests.swift */; };
		4F236B012913AB44007164BF /* TodoUITestsLaunchTests.swift in Sources */ = {isa = PBXBuildFile; fileRef = 4F236B002913AB44007164BF /* TodoUITestsLaunchTests.swift */; };
		4F236B0F2913AB88007164BF /* AddView.swift in Sources */ = {isa = PBXBuildFile; fileRef = 4F236B0E2913AB88007164BF /* AddView.swift */; };
		4F236B142913B0CD007164BF /* Todo.swift in Sources */ = {isa = PBXBuildFile; fileRef = 4F236B132913B0CD007164BF /* Todo.swift */; };
		4F236B182913B305007164BF /* TodoHome.swift in Sources */ = {isa = PBXBuildFile; fileRef = 4F236B172913B305007164BF /* TodoHome.swift */; };
		59B094259BCD26553C4AE031 /* Pods_Todo.framework in Frameworks */ = {isa = PBXBuildFile; fileRef = 2244517C0E31E3924E0D2925 /* Pods_Todo.framework */; };
		88670EE574144C66143CE99B /* Pods_TodoTests.framework in Frameworks */ = {isa = PBXBuildFile; fileRef = 113E31356AD71B5DDD8A20EF /* Pods_TodoTests.framework */; };
/* End PBXBuildFile section */

/* Begin PBXContainerItemProxy section */
		4F236AF12913AB44007164BF /* PBXContainerItemProxy */ = {
			isa = PBXContainerItemProxy;
			containerPortal = 4F236AD82913AB43007164BF /* Project object */;
			proxyType = 1;
			remoteGlobalIDString = 4F236ADF2913AB43007164BF;
			remoteInfo = Todo;
		};
		4F236AFB2913AB44007164BF /* PBXContainerItemProxy */ = {
			isa = PBXContainerItemProxy;
			containerPortal = 4F236AD82913AB43007164BF /* Project object */;
			proxyType = 1;
			remoteGlobalIDString = 4F236ADF2913AB43007164BF;
			remoteInfo = Todo;
		};
/* End PBXContainerItemProxy section */

/* Begin PBXFileReference section */
		002E65156959A852025AC5BB /* Pods-TodoTests.release.xcconfig */ = {isa = PBXFileReference; includeInIndex = 1; lastKnownFileType = text.xcconfig; name = "Pods-TodoTests.release.xcconfig"; path = "Target Support Files/Pods-TodoTests/Pods-TodoTests.release.xcconfig"; sourceTree = "<group>"; };
		113E31356AD71B5DDD8A20EF /* Pods_TodoTests.framework */ = {isa = PBXFileReference; explicitFileType = wrapper.framework; includeInIndex = 0; path = Pods_TodoTests.framework; sourceTree = BUILT_PRODUCTS_DIR; };
		2244517C0E31E3924E0D2925 /* Pods_Todo.framework */ = {isa = PBXFileReference; explicitFileType = wrapper.framework; includeInIndex = 0; path = Pods_Todo.framework; sourceTree = BUILT_PRODUCTS_DIR; };
		3900781AF9D3285E5D473AB7 /* Pods-Todo.release.xcconfig */ = {isa = PBXFileReference; includeInIndex = 1; lastKnownFileType = text.xcconfig; name = "Pods-Todo.release.xcconfig"; path = "Target Support Files/Pods-Todo/Pods-Todo.release.xcconfig"; sourceTree = "<group>"; };
		4F236AE02913AB43007164BF /* Todo.app */ = {isa = PBXFileReference; explicitFileType = wrapper.application; includeInIndex = 0; path = Todo.app; sourceTree = BUILT_PRODUCTS_DIR; };
		4F236AE32913AB43007164BF /* TodoApp.swift */ = {isa = PBXFileReference; lastKnownFileType = sourcecode.swift; path = TodoApp.swift; sourceTree = "<group>"; };
		4F236AE52913AB43007164BF /* ContentView.swift */ = {isa = PBXFileReference; lastKnownFileType = sourcecode.swift; path = ContentView.swift; sourceTree = "<group>"; };
		4F236AE72913AB44007164BF /* Assets.xcassets */ = {isa = PBXFileReference; lastKnownFileType = folder.assetcatalog; path = Assets.xcassets; sourceTree = "<group>"; };
		4F236AEA2913AB44007164BF /* Preview Assets.xcassets */ = {isa = PBXFileReference; lastKnownFileType = folder.assetcatalog; path = "Preview Assets.xcassets"; sourceTree = "<group>"; };
		4F236AF02913AB44007164BF /* TodoTests.xctest */ = {isa = PBXFileReference; explicitFileType = wrapper.cfbundle; includeInIndex = 0; path = TodoTests.xctest; sourceTree = BUILT_PRODUCTS_DIR; };
		4F236AF42913AB44007164BF /* TodoTests.swift */ = {isa = PBXFileReference; lastKnownFileType = sourcecode.swift; path = TodoTests.swift; sourceTree = "<group>"; };
		4F236AFA2913AB44007164BF /* TodoUITests.xctest */ = {isa = PBXFileReference; explicitFileType = wrapper.cfbundle; includeInIndex = 0; path = TodoUITests.xctest; sourceTree = BUILT_PRODUCTS_DIR; };
		4F236AFE2913AB44007164BF /* TodoUITests.swift */ = {isa = PBXFileReference; lastKnownFileType = sourcecode.swift; path = TodoUITests.swift; sourceTree = "<group>"; };
		4F236B002913AB44007164BF /* TodoUITestsLaunchTests.swift */ = {isa = PBXFileReference; lastKnownFileType = sourcecode.swift; path = TodoUITestsLaunchTests.swift; sourceTree = "<group>"; };
		4F236B0E2913AB88007164BF /* AddView.swift */ = {isa = PBXFileReference; lastKnownFileType = sourcecode.swift; path = AddView.swift; sourceTree = "<group>"; };
		4F236B132913B0CD007164BF /* Todo.swift */ = {isa = PBXFileReference; lastKnownFileType = sourcecode.swift; path = Todo.swift; sourceTree = "<group>"; };
		4F236B172913B305007164BF /* TodoHome.swift */ = {isa = PBXFileReference; lastKnownFileType = sourcecode.swift; path = TodoHome.swift; sourceTree = "<group>"; };
		9B33172F94FF207261590918 /* Pods-TodoTests.debug.xcconfig */ = {isa = PBXFileReference; includeInIndex = 1; lastKnownFileType = text.xcconfig; name = "Pods-TodoTests.debug.xcconfig"; path = "Target Support Files/Pods-TodoTests/Pods-TodoTests.debug.xcconfig"; sourceTree = "<group>"; };
		A9C0768DFC44BB540173036D /* Pods_Todo_TodoUITests.framework */ = {isa = PBXFileReference; explicitFileType = wrapper.framework; includeInIndex = 0; path = Pods_Todo_TodoUITests.framework; sourceTree = BUILT_PRODUCTS_DIR; };
		D3D23E681D71E01A2987DA21 /* Pods-Todo-TodoUITests.debug.xcconfig */ = {isa = PBXFileReference; includeInIndex = 1; lastKnownFileType = text.xcconfig; name = "Pods-Todo-TodoUITests.debug.xcconfig"; path = "Target Support Files/Pods-Todo-TodoUITests/Pods-Todo-TodoUITests.debug.xcconfig"; sourceTree = "<group>"; };
		DFE349780831D5D776A28144 /* Pods-Todo-TodoUITests.release.xcconfig */ = {isa = PBXFileReference; includeInIndex = 1; lastKnownFileType = text.xcconfig; name = "Pods-Todo-TodoUITests.release.xcconfig"; path = "Target Support Files/Pods-Todo-TodoUITests/Pods-Todo-TodoUITests.release.xcconfig"; sourceTree = "<group>"; };
		F9595433BCA6415ED84B4F1C /* Pods-Todo.debug.xcconfig */ = {isa = PBXFileReference; includeInIndex = 1; lastKnownFileType = text.xcconfig; name = "Pods-Todo.debug.xcconfig"; path = "Target Support Files/Pods-Todo/Pods-Todo.debug.xcconfig"; sourceTree = "<group>"; };
/* End PBXFileReference section */

/* Begin PBXFrameworksBuildPhase section */
		4F236ADD2913AB43007164BF /* Frameworks */ = {
			isa = PBXFrameworksBuildPhase;
			buildActionMask = 2147483647;
			files = (
				59B094259BCD26553C4AE031 /* Pods_Todo.framework in Frameworks */,
			);
			runOnlyForDeploymentPostprocessing = 0;
		};
		4F236AED2913AB44007164BF /* Frameworks */ = {
			isa = PBXFrameworksBuildPhase;
			buildActionMask = 2147483647;
			files = (
				88670EE574144C66143CE99B /* Pods_TodoTests.framework in Frameworks */,
			);
			runOnlyForDeploymentPostprocessing = 0;
		};
		4F236AF72913AB44007164BF /* Frameworks */ = {
			isa = PBXFrameworksBuildPhase;
			buildActionMask = 2147483647;
			files = (
				14A5C9C26ABCB3A82CAED9AB /* Pods_Todo_TodoUITests.framework in Frameworks */,
			);
			runOnlyForDeploymentPostprocessing = 0;
		};
/* End PBXFrameworksBuildPhase section */

/* Begin PBXGroup section */
		3CA520FF9BE18A1342259A84 /* Pods */ = {
			isa = PBXGroup;
			children = (
				F9595433BCA6415ED84B4F1C /* Pods-Todo.debug.xcconfig */,
				3900781AF9D3285E5D473AB7 /* Pods-Todo.release.xcconfig */,
				D3D23E681D71E01A2987DA21 /* Pods-Todo-TodoUITests.debug.xcconfig */,
				DFE349780831D5D776A28144 /* Pods-Todo-TodoUITests.release.xcconfig */,
				9B33172F94FF207261590918 /* Pods-TodoTests.debug.xcconfig */,
				002E65156959A852025AC5BB /* Pods-TodoTests.release.xcconfig */,
			);
			path = Pods;
			sourceTree = "<group>";
		};
		4F236AD72913AB43007164BF = {
			isa = PBXGroup;
			children = (
				4F236AE22913AB43007164BF /* Todo */,
				4F236AF32913AB44007164BF /* TodoTests */,
				4F236AFD2913AB44007164BF /* TodoUITests */,
				4F236AE12913AB43007164BF /* Products */,
				3CA520FF9BE18A1342259A84 /* Pods */,
				8A36DB485711EC11C930E6A6 /* Frameworks */,
			);
			sourceTree = "<group>";
		};
		4F236AE12913AB43007164BF /* Products */ = {
			isa = PBXGroup;
			children = (
				4F236AE02913AB43007164BF /* Todo.app */,
				4F236AF02913AB44007164BF /* TodoTests.xctest */,
				4F236AFA2913AB44007164BF /* TodoUITests.xctest */,
			);
			name = Products;
			sourceTree = "<group>";
		};
		4F236AE22913AB43007164BF /* Todo */ = {
			isa = PBXGroup;
			children = (
				4F236B122913B0C5007164BF /* Model */,
				4F236AE32913AB43007164BF /* TodoApp.swift */,
				4F236B0D2913AB56007164BF /* Views */,
				4F236AE72913AB44007164BF /* Assets.xcassets */,
				4F236AE92913AB44007164BF /* Preview Content */,
			);
			path = Todo;
			sourceTree = "<group>";
		};
		4F236AE92913AB44007164BF /* Preview Content */ = {
			isa = PBXGroup;
			children = (
				4F236AEA2913AB44007164BF /* Preview Assets.xcassets */,
			);
			path = "Preview Content";
			sourceTree = "<group>";
		};
		4F236AF32913AB44007164BF /* TodoTests */ = {
			isa = PBXGroup;
			children = (
				4F236AF42913AB44007164BF /* TodoTests.swift */,
			);
			path = TodoTests;
			sourceTree = "<group>";
		};
		4F236AFD2913AB44007164BF /* TodoUITests */ = {
			isa = PBXGroup;
			children = (
				4F236AFE2913AB44007164BF /* TodoUITests.swift */,
				4F236B002913AB44007164BF /* TodoUITestsLaunchTests.swift */,
			);
			path = TodoUITests;
			sourceTree = "<group>";
		};
		4F236B0D2913AB56007164BF /* Views */ = {
			isa = PBXGroup;
			children = (
				4F236B162913B2F7007164BF /* Calendar */,
				4F236B152913B2F4007164BF /* Todo */,
				4F236AE52913AB43007164BF /* ContentView.swift */,
			);
			path = Views;
			sourceTree = "<group>";
		};
		4F236B122913B0C5007164BF /* Model */ = {
			isa = PBXGroup;
			children = (
				4F236B132913B0CD007164BF /* Todo.swift */,
			);
			path = Model;
			sourceTree = "<group>";
		};
		4F236B152913B2F4007164BF /* Todo */ = {
			isa = PBXGroup;
			children = (
				4F236B0E2913AB88007164BF /* AddView.swift */,
				4F236B172913B305007164BF /* TodoHome.swift */,
			);
			path = Todo;
			sourceTree = "<group>";
		};
		4F236B162913B2F7007164BF /* Calendar */ = {
			isa = PBXGroup;
			children = (
			);
			path = Calendar;
			sourceTree = "<group>";
		};
		8A36DB485711EC11C930E6A6 /* Frameworks */ = {
			isa = PBXGroup;
			children = (
				2244517C0E31E3924E0D2925 /* Pods_Todo.framework */,
				A9C0768DFC44BB540173036D /* Pods_Todo_TodoUITests.framework */,
				113E31356AD71B5DDD8A20EF /* Pods_TodoTests.framework */,
			);
			name = Frameworks;
			sourceTree = "<group>";
		};
/* End PBXGroup section */

/* Begin PBXNativeTarget section */
		4F236ADF2913AB43007164BF /* Todo */ = {
			isa = PBXNativeTarget;
			buildConfigurationList = 4F236B042913AB44007164BF /* Build configuration list for PBXNativeTarget "Todo" */;
			buildPhases = (
				4EF544443D934E58760DC475 /* [CP] Check Pods Manifest.lock */,
				4F236ADC2913AB43007164BF /* Sources */,
				4F236ADD2913AB43007164BF /* Frameworks */,
				4F236ADE2913AB43007164BF /* Resources */,
				0AFF82555D6CCC675973802F /* [CP] Embed Pods Frameworks */,
			);
			buildRules = (
			);
			dependencies = (
			);
			name = Todo;
			productName = Todo;
			productReference = 4F236AE02913AB43007164BF /* Todo.app */;
			productType = "com.apple.product-type.application";
		};
		4F236AEF2913AB44007164BF /* TodoTests */ = {
			isa = PBXNativeTarget;
			buildConfigurationList = 4F236B072913AB44007164BF /* Build configuration list for PBXNativeTarget "TodoTests" */;
			buildPhases = (
				16395ED97FA73F7A333B8771 /* [CP] Check Pods Manifest.lock */,
				4F236AEC2913AB44007164BF /* Sources */,
				4F236AED2913AB44007164BF /* Frameworks */,
				4F236AEE2913AB44007164BF /* Resources */,
			);
			buildRules = (
			);
			dependencies = (
				4F236AF22913AB44007164BF /* PBXTargetDependency */,
			);
			name = TodoTests;
			productName = TodoTests;
			productReference = 4F236AF02913AB44007164BF /* TodoTests.xctest */;
			productType = "com.apple.product-type.bundle.unit-test";
		};
		4F236AF92913AB44007164BF /* TodoUITests */ = {
			isa = PBXNativeTarget;
			buildConfigurationList = 4F236B0A2913AB44007164BF /* Build configuration list for PBXNativeTarget "TodoUITests" */;
			buildPhases = (
				93E88A96C15E371389865344 /* [CP] Check Pods Manifest.lock */,
				4F236AF62913AB44007164BF /* Sources */,
				4F236AF72913AB44007164BF /* Frameworks */,
				4F236AF82913AB44007164BF /* Resources */,
				D28ED7AC3AD8C6D1C8E385D3 /* [CP] Embed Pods Frameworks */,
			);
			buildRules = (
			);
			dependencies = (
				4F236AFC2913AB44007164BF /* PBXTargetDependency */,
			);
			name = TodoUITests;
			productName = TodoUITests;
			productReference = 4F236AFA2913AB44007164BF /* TodoUITests.xctest */;
			productType = "com.apple.product-type.bundle.ui-testing";
		};
/* End PBXNativeTarget section */

/* Begin PBXProject section */
		4F236AD82913AB43007164BF /* Project object */ = {
			isa = PBXProject;
			attributes = {
				BuildIndependentTargetsInParallel = 1;
				LastSwiftUpdateCheck = 1400;
				LastUpgradeCheck = 1400;
				TargetAttributes = {
					4F236ADF2913AB43007164BF = {
						CreatedOnToolsVersion = 14.0.1;
					};
					4F236AEF2913AB44007164BF = {
						CreatedOnToolsVersion = 14.0.1;
						TestTargetID = 4F236ADF2913AB43007164BF;
					};
					4F236AF92913AB44007164BF = {
						CreatedOnToolsVersion = 14.0.1;
						TestTargetID = 4F236ADF2913AB43007164BF;
					};
				};
			};
			buildConfigurationList = 4F236ADB2913AB43007164BF /* Build configuration list for PBXProject "Todo" */;
			compatibilityVersion = "Xcode 13.0";
			developmentRegion = en;
			hasScannedForEncodings = 0;
			knownRegions = (
				en,
				Base,
			);
			mainGroup = 4F236AD72913AB43007164BF;
			productRefGroup = 4F236AE12913AB43007164BF /* Products */;
			projectDirPath = "";
			projectRoot = "";
			targets = (
				4F236ADF2913AB43007164BF /* Todo */,
				4F236AEF2913AB44007164BF /* TodoTests */,
				4F236AF92913AB44007164BF /* TodoUITests */,
			);
		};
/* End PBXProject section */

/* Begin PBXResourcesBuildPhase section */
		4F236ADE2913AB43007164BF /* Resources */ = {
			isa = PBXResourcesBuildPhase;
			buildActionMask = 2147483647;
			files = (
				4F236AEB2913AB44007164BF /* Preview Assets.xcassets in Resources */,
				4F236AE82913AB44007164BF /* Assets.xcassets in Resources */,
			);
			runOnlyForDeploymentPostprocessing = 0;
		};
		4F236AEE2913AB44007164BF /* Resources */ = {
			isa = PBXResourcesBuildPhase;
			buildActionMask = 2147483647;
			files = (
			);
			runOnlyForDeploymentPostprocessing = 0;
		};
		4F236AF82913AB44007164BF /* Resources */ = {
			isa = PBXResourcesBuildPhase;
			buildActionMask = 2147483647;
			files = (
			);
			runOnlyForDeploymentPostprocessing = 0;
		};
/* End PBXResourcesBuildPhase section */

/* Begin PBXShellScriptBuildPhase section */
		0AFF82555D6CCC675973802F /* [CP] Embed Pods Frameworks */ = {
			isa = PBXShellScriptBuildPhase;
			buildActionMask = 2147483647;
			files = (
			);
			inputFileListPaths = (
				"${PODS_ROOT}/Target Support Files/Pods-Todo/Pods-Todo-frameworks-${CONFIGURATION}-input-files.xcfilelist",
			);
			name = "[CP] Embed Pods Frameworks";
			outputFileListPaths = (
				"${PODS_ROOT}/Target Support Files/Pods-Todo/Pods-Todo-frameworks-${CONFIGURATION}-output-files.xcfilelist",
			);
			runOnlyForDeploymentPostprocessing = 0;
			shellPath = /bin/sh;
			shellScript = "\"${PODS_ROOT}/Target Support Files/Pods-Todo/Pods-Todo-frameworks.sh\"\n";
			showEnvVarsInLog = 0;
		};
		16395ED97FA73F7A333B8771 /* [CP] Check Pods Manifest.lock */ = {
			isa = PBXShellScriptBuildPhase;
			buildActionMask = 2147483647;
			files = (
			);
			inputFileListPaths = (
			);
			inputPaths = (
				"${PODS_PODFILE_DIR_PATH}/Podfile.lock",
				"${PODS_ROOT}/Manifest.lock",
			);
			name = "[CP] Check Pods Manifest.lock";
			outputFileListPaths = (
			);
			outputPaths = (
				"$(DERIVED_FILE_DIR)/Pods-TodoTests-checkManifestLockResult.txt",
			);
			runOnlyForDeploymentPostprocessing = 0;
			shellPath = /bin/sh;
			shellScript = "diff \"${PODS_PODFILE_DIR_PATH}/Podfile.lock\" \"${PODS_ROOT}/Manifest.lock\" > /dev/null\nif [ $? != 0 ] ; then\n    # print error to STDERR\n    echo \"error: The sandbox is not in sync with the Podfile.lock. Run 'pod install' or update your CocoaPods installation.\" >&2\n    exit 1\nfi\n# This output is used by Xcode 'outputs' to avoid re-running this script phase.\necho \"SUCCESS\" > \"${SCRIPT_OUTPUT_FILE_0}\"\n";
			showEnvVarsInLog = 0;
		};
		4EF544443D934E58760DC475 /* [CP] Check Pods Manifest.lock */ = {
			isa = PBXShellScriptBuildPhase;
			buildActionMask = 2147483647;
			files = (
			);
			inputFileListPaths = (
			);
			inputPaths = (
				"${PODS_PODFILE_DIR_PATH}/Podfile.lock",
				"${PODS_ROOT}/Manifest.lock",
			);
			name = "[CP] Check Pods Manifest.lock";
			outputFileListPaths = (
			);
			outputPaths = (
				"$(DERIVED_FILE_DIR)/Pods-Todo-checkManifestLockResult.txt",
			);
			runOnlyForDeploymentPostprocessing = 0;
			shellPath = /bin/sh;
			shellScript = "diff \"${PODS_PODFILE_DIR_PATH}/Podfile.lock\" \"${PODS_ROOT}/Manifest.lock\" > /dev/null\nif [ $? != 0 ] ; then\n    # print error to STDERR\n    echo \"error: The sandbox is not in sync with the Podfile.lock. Run 'pod install' or update your CocoaPods installation.\" >&2\n    exit 1\nfi\n# This output is used by Xcode 'outputs' to avoid re-running this script phase.\necho \"SUCCESS\" > \"${SCRIPT_OUTPUT_FILE_0}\"\n";
			showEnvVarsInLog = 0;
		};
		93E88A96C15E371389865344 /* [CP] Check Pods Manifest.lock */ = {
			isa = PBXShellScriptBuildPhase;
			buildActionMask = 2147483647;
			files = (
			);
			inputFileListPaths = (
			);
			inputPaths = (
				"${PODS_PODFILE_DIR_PATH}/Podfile.lock",
				"${PODS_ROOT}/Manifest.lock",
			);
			name = "[CP] Check Pods Manifest.lock";
			outputFileListPaths = (
			);
			outputPaths = (
				"$(DERIVED_FILE_DIR)/Pods-Todo-TodoUITests-checkManifestLockResult.txt",
			);
			runOnlyForDeploymentPostprocessing = 0;
			shellPath = /bin/sh;
			shellScript = "diff \"${PODS_PODFILE_DIR_PATH}/Podfile.lock\" \"${PODS_ROOT}/Manifest.lock\" > /dev/null\nif [ $? != 0 ] ; then\n    # print error to STDERR\n    echo \"error: The sandbox is not in sync with the Podfile.lock. Run 'pod install' or update your CocoaPods installation.\" >&2\n    exit 1\nfi\n# This output is used by Xcode 'outputs' to avoid re-running this script phase.\necho \"SUCCESS\" > \"${SCRIPT_OUTPUT_FILE_0}\"\n";
			showEnvVarsInLog = 0;
		};
		D28ED7AC3AD8C6D1C8E385D3 /* [CP] Embed Pods Frameworks */ = {
			isa = PBXShellScriptBuildPhase;
			buildActionMask = 2147483647;
			files = (
			);
			inputFileListPaths = (
				"${PODS_ROOT}/Target Support Files/Pods-Todo-TodoUITests/Pods-Todo-TodoUITests-frameworks-${CONFIGURATION}-input-files.xcfilelist",
			);
			name = "[CP] Embed Pods Frameworks";
			outputFileListPaths = (
				"${PODS_ROOT}/Target Support Files/Pods-Todo-TodoUITests/Pods-Todo-TodoUITests-frameworks-${CONFIGURATION}-output-files.xcfilelist",
			);
			runOnlyForDeploymentPostprocessing = 0;
			shellPath = /bin/sh;
			shellScript = "\"${PODS_ROOT}/Target Support Files/Pods-Todo-TodoUITests/Pods-Todo-TodoUITests-frameworks.sh\"\n";
			showEnvVarsInLog = 0;
		};
/* End PBXShellScriptBuildPhase section */

/* Begin PBXSourcesBuildPhase section */
		4F236ADC2913AB43007164BF /* Sources */ = {
			isa = PBXSourcesBuildPhase;
			buildActionMask = 2147483647;
			files = (
				4F236B182913B305007164BF /* TodoHome.swift in Sources */,
				4F236AE62913AB43007164BF /* ContentView.swift in Sources */,
				4F236AE42913AB43007164BF /* TodoApp.swift in Sources */,
				4F236B0F2913AB88007164BF /* AddView.swift in Sources */,
				4F236B142913B0CD007164BF /* Todo.swift in Sources */,
			);
			runOnlyForDeploymentPostprocessing = 0;
		};
		4F236AEC2913AB44007164BF /* Sources */ = {
			isa = PBXSourcesBuildPhase;
			buildActionMask = 2147483647;
			files = (
				4F236AF52913AB44007164BF /* TodoTests.swift in Sources */,
			);
			runOnlyForDeploymentPostprocessing = 0;
		};
		4F236AF62913AB44007164BF /* Sources */ = {
			isa = PBXSourcesBuildPhase;
			buildActionMask = 2147483647;
			files = (
				4F236B012913AB44007164BF /* TodoUITestsLaunchTests.swift in Sources */,
				4F236AFF2913AB44007164BF /* TodoUITests.swift in Sources */,
			);
			runOnlyForDeploymentPostprocessing = 0;
		};
/* End PBXSourcesBuildPhase section */

/* Begin PBXTargetDependency section */
		4F236AF22913AB44007164BF /* PBXTargetDependency */ = {
			isa = PBXTargetDependency;
			target = 4F236ADF2913AB43007164BF /* Todo */;
			targetProxy = 4F236AF12913AB44007164BF /* PBXContainerItemProxy */;
		};
		4F236AFC2913AB44007164BF /* PBXTargetDependency */ = {
			isa = PBXTargetDependency;
			target = 4F236ADF2913AB43007164BF /* Todo */;
			targetProxy = 4F236AFB2913AB44007164BF /* PBXContainerItemProxy */;
		};
/* End PBXTargetDependency section */

/* Begin XCBuildConfiguration section */
		4F236B022913AB44007164BF /* Debug */ = {
			isa = XCBuildConfiguration;
			buildSettings = {
				ALWAYS_SEARCH_USER_PATHS = NO;
				CLANG_ANALYZER_NONNULL = YES;
				CLANG_ANALYZER_NUMBER_OBJECT_CONVERSION = YES_AGGRESSIVE;
				CLANG_CXX_LANGUAGE_STANDARD = "gnu++20";
				CLANG_ENABLE_MODULES = YES;
				CLANG_ENABLE_OBJC_ARC = YES;
				CLANG_ENABLE_OBJC_WEAK = YES;
				CLANG_WARN_BLOCK_CAPTURE_AUTORELEASING = YES;
				CLANG_WARN_BOOL_CONVERSION = YES;
				CLANG_WARN_COMMA = YES;
				CLANG_WARN_CONSTANT_CONVERSION = YES;
				CLANG_WARN_DEPRECATED_OBJC_IMPLEMENTATIONS = YES;
				CLANG_WARN_DIRECT_OBJC_ISA_USAGE = YES_ERROR;
				CLANG_WARN_DOCUMENTATION_COMMENTS = YES;
				CLANG_WARN_EMPTY_BODY = YES;
				CLANG_WARN_ENUM_CONVERSION = YES;
				CLANG_WARN_INFINITE_RECURSION = YES;
				CLANG_WARN_INT_CONVERSION = YES;
				CLANG_WARN_NON_LITERAL_NULL_CONVERSION = YES;
				CLANG_WARN_OBJC_IMPLICIT_RETAIN_SELF = YES;
				CLANG_WARN_OBJC_LITERAL_CONVERSION = YES;
				CLANG_WARN_OBJC_ROOT_CLASS = YES_ERROR;
				CLANG_WARN_QUOTED_INCLUDE_IN_FRAMEWORK_HEADER = YES;
				CLANG_WARN_RANGE_LOOP_ANALYSIS = YES;
				CLANG_WARN_STRICT_PROTOTYPES = YES;
				CLANG_WARN_SUSPICIOUS_MOVE = YES;
				CLANG_WARN_UNGUARDED_AVAILABILITY = YES_AGGRESSIVE;
				CLANG_WARN_UNREACHABLE_CODE = YES;
				CLANG_WARN__DUPLICATE_METHOD_MATCH = YES;
				COPY_PHASE_STRIP = NO;
				DEBUG_INFORMATION_FORMAT = dwarf;
				ENABLE_STRICT_OBJC_MSGSEND = YES;
				ENABLE_TESTABILITY = YES;
				GCC_C_LANGUAGE_STANDARD = gnu11;
				GCC_DYNAMIC_NO_PIC = NO;
				GCC_NO_COMMON_BLOCKS = YES;
				GCC_OPTIMIZATION_LEVEL = 0;
				GCC_PREPROCESSOR_DEFINITIONS = (
					"DEBUG=1",
					"$(inherited)",
				);
				GCC_WARN_64_TO_32_BIT_CONVERSION = YES;
				GCC_WARN_ABOUT_RETURN_TYPE = YES_ERROR;
				GCC_WARN_UNDECLARED_SELECTOR = YES;
				GCC_WARN_UNINITIALIZED_AUTOS = YES_AGGRESSIVE;
				GCC_WARN_UNUSED_FUNCTION = YES;
				GCC_WARN_UNUSED_VARIABLE = YES;
				IPHONEOS_DEPLOYMENT_TARGET = 16.0;
				MTL_ENABLE_DEBUG_INFO = INCLUDE_SOURCE;
				MTL_FAST_MATH = YES;
				ONLY_ACTIVE_ARCH = YES;
				SDKROOT = iphoneos;
				SWIFT_ACTIVE_COMPILATION_CONDITIONS = DEBUG;
				SWIFT_OPTIMIZATION_LEVEL = "-Onone";
			};
			name = Debug;
		};
		4F236B032913AB44007164BF /* Release */ = {
			isa = XCBuildConfiguration;
			buildSettings = {
				ALWAYS_SEARCH_USER_PATHS = NO;
				CLANG_ANALYZER_NONNULL = YES;
				CLANG_ANALYZER_NUMBER_OBJECT_CONVERSION = YES_AGGRESSIVE;
				CLANG_CXX_LANGUAGE_STANDARD = "gnu++20";
				CLANG_ENABLE_MODULES = YES;
				CLANG_ENABLE_OBJC_ARC = YES;
				CLANG_ENABLE_OBJC_WEAK = YES;
				CLANG_WARN_BLOCK_CAPTURE_AUTORELEASING = YES;
				CLANG_WARN_BOOL_CONVERSION = YES;
				CLANG_WARN_COMMA = YES;
				CLANG_WARN_CONSTANT_CONVERSION = YES;
				CLANG_WARN_DEPRECATED_OBJC_IMPLEMENTATIONS = YES;
				CLANG_WARN_DIRECT_OBJC_ISA_USAGE = YES_ERROR;
				CLANG_WARN_DOCUMENTATION_COMMENTS = YES;
				CLANG_WARN_EMPTY_BODY = YES;
				CLANG_WARN_ENUM_CONVERSION = YES;
				CLANG_WARN_INFINITE_RECURSION = YES;
				CLANG_WARN_INT_CONVERSION = YES;
				CLANG_WARN_NON_LITERAL_NULL_CONVERSION = YES;
				CLANG_WARN_OBJC_IMPLICIT_RETAIN_SELF = YES;
				CLANG_WARN_OBJC_LITERAL_CONVERSION = YES;
				CLANG_WARN_OBJC_ROOT_CLASS = YES_ERROR;
				CLANG_WARN_QUOTED_INCLUDE_IN_FRAMEWORK_HEADER = YES;
				CLANG_WARN_RANGE_LOOP_ANALYSIS = YES;
				CLANG_WARN_STRICT_PROTOTYPES = YES;
				CLANG_WARN_SUSPICIOUS_MOVE = YES;
				CLANG_WARN_UNGUARDED_AVAILABILITY = YES_AGGRESSIVE;
				CLANG_WARN_UNREACHABLE_CODE = YES;
				CLANG_WARN__DUPLICATE_METHOD_MATCH = YES;
				COPY_PHASE_STRIP = NO;
				DEBUG_INFORMATION_FORMAT = "dwarf-with-dsym";
				ENABLE_NS_ASSERTIONS = NO;
				ENABLE_STRICT_OBJC_MSGSEND = YES;
				GCC_C_LANGUAGE_STANDARD = gnu11;
				GCC_NO_COMMON_BLOCKS = YES;
				GCC_WARN_64_TO_32_BIT_CONVERSION = YES;
				GCC_WARN_ABOUT_RETURN_TYPE = YES_ERROR;
				GCC_WARN_UNDECLARED_SELECTOR = YES;
				GCC_WARN_UNINITIALIZED_AUTOS = YES_AGGRESSIVE;
				GCC_WARN_UNUSED_FUNCTION = YES;
				GCC_WARN_UNUSED_VARIABLE = YES;
				IPHONEOS_DEPLOYMENT_TARGET = 16.0;
				MTL_ENABLE_DEBUG_INFO = NO;
				MTL_FAST_MATH = YES;
				SDKROOT = iphoneos;
				SWIFT_COMPILATION_MODE = wholemodule;
				SWIFT_OPTIMIZATION_LEVEL = "-O";
				VALIDATE_PRODUCT = YES;
			};
			name = Release;
		};
		4F236B052913AB44007164BF /* Debug */ = {
			isa = XCBuildConfiguration;
			baseConfigurationReference = F9595433BCA6415ED84B4F1C /* Pods-Todo.debug.xcconfig */;
			buildSettings = {
				ASSETCATALOG_COMPILER_APPICON_NAME = AppIcon;
				ASSETCATALOG_COMPILER_GLOBAL_ACCENT_COLOR_NAME = AccentColor;
				CODE_SIGN_STYLE = Automatic;
				CURRENT_PROJECT_VERSION = 1;
				DEVELOPMENT_ASSET_PATHS = "\"Todo/Preview Content\"";
				DEVELOPMENT_TEAM = 2H7EM56K2Z;
				ENABLE_PREVIEWS = YES;
				GENERATE_INFOPLIST_FILE = YES;
				INFOPLIST_KEY_UIApplicationSceneManifest_Generation = YES;
				INFOPLIST_KEY_UIApplicationSupportsIndirectInputEvents = YES;
				INFOPLIST_KEY_UILaunchScreen_Generation = YES;
				INFOPLIST_KEY_UISupportedInterfaceOrientations_iPad = "UIInterfaceOrientationPortrait UIInterfaceOrientationPortraitUpsideDown UIInterfaceOrientationLandscapeLeft UIInterfaceOrientationLandscapeRight";
				INFOPLIST_KEY_UISupportedInterfaceOrientations_iPhone = "UIInterfaceOrientationPortrait UIInterfaceOrientationLandscapeLeft UIInterfaceOrientationLandscapeRight";
				IPHONEOS_DEPLOYMENT_TARGET = 15.0;
				LD_RUNPATH_SEARCH_PATHS = (
					"$(inherited)",
					"@executable_path/Frameworks",
				);
				MARKETING_VERSION = 1.0;
				PRODUCT_BUNDLE_IDENTIFIER = com.leeyuno.Todo;
				PRODUCT_NAME = "$(TARGET_NAME)";
				SWIFT_EMIT_LOC_STRINGS = YES;
				SWIFT_VERSION = 5.0;
				TARGETED_DEVICE_FAMILY = "1,2";
			};
			name = Debug;
		};
		4F236B062913AB44007164BF /* Release */ = {
			isa = XCBuildConfiguration;
			baseConfigurationReference = 3900781AF9D3285E5D473AB7 /* Pods-Todo.release.xcconfig */;
			buildSettings = {
				ASSETCATALOG_COMPILER_APPICON_NAME = AppIcon;
				ASSETCATALOG_COMPILER_GLOBAL_ACCENT_COLOR_NAME = AccentColor;
				CODE_SIGN_STYLE = Automatic;
				CURRENT_PROJECT_VERSION = 1;
				DEVELOPMENT_ASSET_PATHS = "\"Todo/Preview Content\"";
				DEVELOPMENT_TEAM = 2H7EM56K2Z;
				ENABLE_PREVIEWS = YES;
				GENERATE_INFOPLIST_FILE = YES;
				INFOPLIST_KEY_UIApplicationSceneManifest_Generation = YES;
				INFOPLIST_KEY_UIApplicationSupportsIndirectInputEvents = YES;
				INFOPLIST_KEY_UILaunchScreen_Generation = YES;
				INFOPLIST_KEY_UISupportedInterfaceOrientations_iPad = "UIInterfaceOrientationPortrait UIInterfaceOrientationPortraitUpsideDown UIInterfaceOrientationLandscapeLeft UIInterfaceOrientationLandscapeRight";
				INFOPLIST_KEY_UISupportedInterfaceOrientations_iPhone = "UIInterfaceOrientationPortrait UIInterfaceOrientationLandscapeLeft UIInterfaceOrientationLandscapeRight";
				IPHONEOS_DEPLOYMENT_TARGET = 15.0;
				LD_RUNPATH_SEARCH_PATHS = (
					"$(inherited)",
					"@executable_path/Frameworks",
				);
				MARKETING_VERSION = 1.0;
				PRODUCT_BUNDLE_IDENTIFIER = com.leeyuno.Todo;
				PRODUCT_NAME = "$(TARGET_NAME)";
				SWIFT_EMIT_LOC_STRINGS = YES;
				SWIFT_VERSION = 5.0;
				TARGETED_DEVICE_FAMILY = "1,2";
			};
			name = Release;
		};
		4F236B082913AB44007164BF /* Debug */ = {
			isa = XCBuildConfiguration;
			baseConfigurationReference = 9B33172F94FF207261590918 /* Pods-TodoTests.debug.xcconfig */;
			buildSettings = {
				ALWAYS_EMBED_SWIFT_STANDARD_LIBRARIES = YES;
				BUNDLE_LOADER = "$(TEST_HOST)";
				CODE_SIGN_STYLE = Automatic;
				CURRENT_PROJECT_VERSION = 1;
				DEVELOPMENT_TEAM = 2H7EM56K2Z;
				GENERATE_INFOPLIST_FILE = YES;
				IPHONEOS_DEPLOYMENT_TARGET = 15.0;
				MARKETING_VERSION = 1.0;
				PRODUCT_BUNDLE_IDENTIFIER = com.leeyuno.TodoTests;
				PRODUCT_NAME = "$(TARGET_NAME)";
				SWIFT_EMIT_LOC_STRINGS = NO;
				SWIFT_VERSION = 5.0;
				TARGETED_DEVICE_FAMILY = "1,2";
				TEST_HOST = "$(BUILT_PRODUCTS_DIR)/Todo.app/$(BUNDLE_EXECUTABLE_FOLDER_PATH)/Todo";
			};
			name = Debug;
		};
		4F236B092913AB44007164BF /* Release */ = {
			isa = XCBuildConfiguration;
			baseConfigurationReference = 002E65156959A852025AC5BB /* Pods-TodoTests.release.xcconfig */;
			buildSettings = {
				ALWAYS_EMBED_SWIFT_STANDARD_LIBRARIES = YES;
				BUNDLE_LOADER = "$(TEST_HOST)";
				CODE_SIGN_STYLE = Automatic;
				CURRENT_PROJECT_VERSION = 1;
				DEVELOPMENT_TEAM = 2H7EM56K2Z;
				GENERATE_INFOPLIST_FILE = YES;
				IPHONEOS_DEPLOYMENT_TARGET = 15.0;
				MARKETING_VERSION = 1.0;
				PRODUCT_BUNDLE_IDENTIFIER = com.leeyuno.TodoTests;
				PRODUCT_NAME = "$(TARGET_NAME)";
				SWIFT_EMIT_LOC_STRINGS = NO;
				SWIFT_VERSION = 5.0;
				TARGETED_DEVICE_FAMILY = "1,2";
				TEST_HOST = "$(BUILT_PRODUCTS_DIR)/Todo.app/$(BUNDLE_EXECUTABLE_FOLDER_PATH)/Todo";
			};
			name = Release;
		};
		4F236B0B2913AB44007164BF /* Debug */ = {
			isa = XCBuildConfiguration;
			baseConfigurationReference = D3D23E681D71E01A2987DA21 /* Pods-Todo-TodoUITests.debug.xcconfig */;
			buildSettings = {
				ALWAYS_EMBED_SWIFT_STANDARD_LIBRARIES = YES;
				CODE_SIGN_STYLE = Automatic;
				CURRENT_PROJECT_VERSION = 1;
				DEVELOPMENT_TEAM = 2H7EM56K2Z;
				GENERATE_INFOPLIST_FILE = YES;
				IPHONEOS_DEPLOYMENT_TARGET = 15.0;
				MARKETING_VERSION = 1.0;
				PRODUCT_BUNDLE_IDENTIFIER = com.leeyuno.TodoUITests;
				PRODUCT_NAME = "$(TARGET_NAME)";
				SWIFT_EMIT_LOC_STRINGS = NO;
				SWIFT_VERSION = 5.0;
				TARGETED_DEVICE_FAMILY = "1,2";
				TEST_TARGET_NAME = Todo;
			};
			name = Debug;
		};
		4F236B0C2913AB44007164BF /* Release */ = {
			isa = XCBuildConfiguration;
			baseConfigurationReference = DFE349780831D5D776A28144 /* Pods-Todo-TodoUITests.release.xcconfig */;
			buildSettings = {
				ALWAYS_EMBED_SWIFT_STANDARD_LIBRARIES = YES;
				CODE_SIGN_STYLE = Automatic;
				CURRENT_PROJECT_VERSION = 1;
				DEVELOPMENT_TEAM = 2H7EM56K2Z;
				GENERATE_INFOPLIST_FILE = YES;
				IPHONEOS_DEPLOYMENT_TARGET = 15.0;
				MARKETING_VERSION = 1.0;
				PRODUCT_BUNDLE_IDENTIFIER = com.leeyuno.TodoUITests;
				PRODUCT_NAME = "$(TARGET_NAME)";
				SWIFT_EMIT_LOC_STRINGS = NO;
				SWIFT_VERSION = 5.0;
				TARGETED_DEVICE_FAMILY = "1,2";
				TEST_TARGET_NAME = Todo;
			};
			name = Release;
		};
/* End XCBuildConfiguration section */

/* Begin XCConfigurationList section */
		4F236ADB2913AB43007164BF /* Build configuration list for PBXProject "Todo" */ = {
			isa = XCConfigurationList;
			buildConfigurations = (
				4F236B022913AB44007164BF /* Debug */,
				4F236B032913AB44007164BF /* Release */,
			);
			defaultConfigurationIsVisible = 0;
			defaultConfigurationName = Release;
		};
		4F236B042913AB44007164BF /* Build configuration list for PBXNativeTarget "Todo" */ = {
			isa = XCConfigurationList;
			buildConfigurations = (
				4F236B052913AB44007164BF /* Debug */,
				4F236B062913AB44007164BF /* Release */,
			);
			defaultConfigurationIsVisible = 0;
			defaultConfigurationName = Release;
		};
		4F236B072913AB44007164BF /* Build configuration list for PBXNativeTarget "TodoTests" */ = {
			isa = XCConfigurationList;
			buildConfigurations = (
				4F236B082913AB44007164BF /* Debug */,
				4F236B092913AB44007164BF /* Release */,
			);
			defaultConfigurationIsVisible = 0;
			defaultConfigurationName = Release;
		};
		4F236B0A2913AB44007164BF /* Build configuration list for PBXNativeTarget "TodoUITests" */ = {
			isa = XCConfigurationList;
			buildConfigurations = (
				4F236B0B2913AB44007164BF /* Debug */,
				4F236B0C2913AB44007164BF /* Release */,
			);
			defaultConfigurationIsVisible = 0;
			defaultConfigurationName = Release;
		};
/* End XCConfigurationList section */
	};
	rootObject = 4F236AD82913AB43007164BF /* Project object */;
}
